
Microsoft Visual Studio Solution File, Format Version 12.00
# Visual Studio Express 2013 for Web
VisualStudioVersion = 12.0.31101.0
MinimumVisualStudioVersion = 10.0.40219.1
Project("{FAE04EC0-301F-11D3-BF4B-00C04F79EFBC}") = "LetsParty.UI.Web", "LetsParty.UI.Web\LetsParty.UI.Web.csproj", "{B32F44A9-4F37-4F6E-94BE-8802F080032D}"
EndProject
Project("{FAE04EC0-301F-11D3-BF4B-00C04F79EFBC}") = "LetsParty.Infra", "LetsParty.Infra\LetsParty.Infra.csproj", "{EB95A002-FAA3-4D87-940E-9E55BE3B37BB}"
EndProject
Project("{FAE04EC0-301F-11D3-BF4B-00C04F79EFBC}") = "LetsParty.Domain", "LetsParty.Domain\LetsParty.Domain.csproj", "{5A507B90-9B95-44CD-9AE0-A4E8389DD4E0}"
EndProject
Project("{FAE04EC0-301F-11D3-BF4B-00C04F79EFBC}") = "LetsParty.Infra.Data", "LetsParty.Infra.Data\LetsParty.Infra.Data.csproj", "{08F2EE33-D0BB-43F7-8EB4-F6FA2BB343B9}"
EndProject
Project("{FAE04EC0-301F-11D3-BF4B-00C04F79EFBC}") = "LetsParty.Seedwork", "LetsParty.Seedwork\LetsParty.Seedwork.csproj", "{3F8979B0-B1A2-4B2B-9ADB-F0EDCA82257B}"
EndProject
Project("{FAE04EC0-301F-11D3-BF4B-00C04F79EFBC}") = "LetsParty.AppService", "LetsParty.AppService\LetsParty.AppService.csproj", "{AC4812B2-B02C-4447-BB92-404F0C8BEC98}"
EndProject
Project("{2150E333-8FDC-42A3-9474-1A3956D46DE8}") = "Infra", "Infra", "{F13D9662-8548-4350-A6F7-51652CC301AA}"
EndProject
Project("{2150E333-8FDC-42A3-9474-1A3956D46DE8}") = "Crosscut", "Crosscut", "{9A6DCCF4-65A7-46B2-86B3-3D488160E440}"
EndProject
Project("{2150E333-8FDC-42A3-9474-1A3956D46DE8}") = "Application", "Application", "{8794A76B-A3D3-474A-AD4D-EB1908B07F3D}"
EndProject
Project("{2150E333-8FDC-42A3-9474-1A3956D46DE8}") = "Presentation", "Presentation", "{BD85E638-02CF-4618-A163-0BD4B8FACD53}"
EndProject
Global
	GlobalSection(SolutionConfigurationPlatforms) = preSolution
		Debug|Any CPU = Debug|Any CPU
		Release|Any CPU = Release|Any CPU
	EndGlobalSection
	GlobalSection(ProjectConfigurationPlatforms) = postSolution
		{B32F44A9-4F37-4F6E-94BE-8802F080032D}.Debug|Any CPU.ActiveCfg = Debug|Any CPU
		{B32F44A9-4F37-4F6E-94BE-8802F080032D}.Debug|Any CPU.Build.0 = Debug|Any CPU
		{B32F44A9-4F37-4F6E-94BE-8802F080032D}.Release|Any CPU.ActiveCfg = Release|Any CPU
		{B32F44A9-4F37-4F6E-94BE-8802F080032D}.Release|Any CPU.Build.0 = Release|Any CPU
		{EB95A002-FAA3-4D87-940E-9E55BE3B37BB}.Debug|Any CPU.ActiveCfg = Debug|Any CPU
		{EB95A002-FAA3-4D87-940E-9E55BE3B37BB}.Debug|Any CPU.Build.0 = Debug|Any CPU
		{EB95A002-FAA3-4D87-940E-9E55BE3B37BB}.Release|Any CPU.ActiveCfg = Release|Any CPU
		{EB95A002-FAA3-4D87-940E-9E55BE3B37BB}.Release|Any CPU.Build.0 = Release|Any CPU
		{5A507B90-9B95-44CD-9AE0-A4E8389DD4E0}.Debug|Any CPU.ActiveCfg = Debug|Any CPU
		{5A507B90-9B95-44CD-9AE0-A4E8389DD4E0}.Debug|Any CPU.Build.0 = Debug|Any CPU
		{5A507B90-9B95-44CD-9AE0-A4E8389DD4E0}.Release|Any CPU.ActiveCfg = Release|Any CPU
		{5A507B90-9B95-44CD-9AE0-A4E8389DD4E0}.Release|Any CPU.Build.0 = Release|Any CPU
		{08F2EE33-D0BB-43F7-8EB4-F6FA2BB343B9}.Debug|Any CPU.ActiveCfg = Debug|Any CPU
		{08F2EE33-D0BB-43F7-8EB4-F6FA2BB343B9}.Debug|Any CPU.Build.0 = Debug|Any CPU
		{08F2EE33-D0BB-43F7-8EB4-F6FA2BB343B9}.Release|Any CPU.ActiveCfg = Release|Any CPU
		{08F2EE33-D0BB-43F7-8EB4-F6FA2BB343B9}.Release|Any CPU.Build.0 = Release|Any CPU
		{3F8979B0-B1A2-4B2B-9ADB-F0EDCA82257B}.Debug|Any CPU.ActiveCfg = Debug|Any CPU
		{3F8979B0-B1A2-4B2B-9ADB-F0EDCA82257B}.Debug|Any CPU.Build.0 = Debug|Any CPU
		{3F8979B0-B1A2-4B2B-9ADB-F0EDCA82257B}.Release|Any CPU.ActiveCfg = Release|Any CPU
		{3F8979B0-B1A2-4B2B-9ADB-F0EDCA82257B}.Release|Any CPU.Build.0 = Release|Any CPU
		{AC4812B2-B02C-4447-BB92-404F0C8BEC98}.Debug|Any CPU.ActiveCfg = Debug|Any CPU
		{AC4812B2-B02C-4447-BB92-404F0C8BEC98}.Debug|Any CPU.Build.0 = Debug|Any CPU
		{AC4812B2-B02C-4447-BB92-404F0C8BEC98}.Release|Any CPU.ActiveCfg = Release|Any CPU
		{AC4812B2-B02C-4447-BB92-404F0C8BEC98}.Release|Any CPU.Build.0 = Release|Any CPU
	EndGlobalSection
	GlobalSection(SolutionProperties) = preSolution
		HideSolutionNode = FALSE
	EndGlobalSection
	GlobalSection(NestedProjects) = preSolution
		{B32F44A9-4F37-4F6E-94BE-8802F080032D} = {BD85E638-02CF-4618-A163-0BD4B8FACD53}
		{EB95A002-FAA3-4D87-940E-9E55BE3B37BB} = {F13D9662-8548-4350-A6F7-51652CC301AA}
		{5A507B90-9B95-44CD-9AE0-A4E8389DD4E0} = {8794A76B-A3D3-474A-AD4D-EB1908B07F3D}
		{08F2EE33-D0BB-43F7-8EB4-F6FA2BB343B9} = {F13D9662-8548-4350-A6F7-51652CC301AA}
		{3F8979B0-B1A2-4B2B-9ADB-F0EDCA82257B} = {9A6DCCF4-65A7-46B2-86B3-3D488160E440}
		{AC4812B2-B02C-4447-BB92-404F0C8BEC98} = {8794A76B-A3D3-474A-AD4D-EB1908B07F3D}
	EndGlobalSection
EndGlobal
