
Microsoft Visual Studio Solution File, Format Version 12.00
# Visual Studio Express 2013 for Web
VisualStudioVersion = 12.0.31101.0
MinimumVisualStudioVersion = 10.0.40219.1
Project("{2150E333-8FDC-42A3-9474-1A3956D46DE8}") = "0-Presentation", "0-Presentation", "{81BB44E3-0880-4125-BB18-6F1DC35BA72B}"
EndProject
Project("{2150E333-8FDC-42A3-9474-1A3956D46DE8}") = "1-Services", "1-Services", "{A176D52C-E389-41AB-8FAC-E6516978AD04}"
EndProject
Project("{2150E333-8FDC-42A3-9474-1A3956D46DE8}") = "2-Application", "2-Application", "{05A67EC9-B6A1-44F5-BB5E-242E55BE90D4}"
EndProject
Project("{2150E333-8FDC-42A3-9474-1A3956D46DE8}") = "3-Domain", "3-Domain", "{AC2E3814-0025-4F33-9604-EC85DC192489}"
EndProject
Project("{2150E333-8FDC-42A3-9474-1A3956D46DE8}") = "4-Infra", "4-Infra", "{A40AF2B1-AF0A-491B-8CE6-93B7B7962382}"
EndProject
Project("{2150E333-8FDC-42A3-9474-1A3956D46DE8}") = "4.1 Data", "4.1 Data", "{050B7054-362C-48AA-9F00-6D1A8C727AF6}"
EndProject
Project("{2150E333-8FDC-42A3-9474-1A3956D46DE8}") = "4.2 CrossCut", "4.2 CrossCut", "{16922673-2EA0-46AC-9BD8-81920176B59A}"
EndProject
Project("{FAE04EC0-301F-11D3-BF4B-00C04F79EFBC}") = "slnTCC.MVC", "slnTCC.MVC\slnTCC.MVC.csproj", "{BF50DCA6-D8AC-4167-86F7-0B82ECB337D9}"
EndProject
Project("{FAE04EC0-301F-11D3-BF4B-00C04F79EFBC}") = "slnTCC.Domain", "slnTCC.Domain\slnTCC.Domain.csproj", "{13159A1D-66E3-4CC5-99C2-EA16B2D90739}"
EndProject
Project("{FAE04EC0-301F-11D3-BF4B-00C04F79EFBC}") = "slnTCC.Infra.Data", "slnTCC.Infra.Data\slnTCC.Infra.Data.csproj", "{9E1F8FC5-5457-4A5C-A3D8-58F7A6502CAB}"
EndProject
Project("{FAE04EC0-301F-11D3-BF4B-00C04F79EFBC}") = "slnTCC.Application", "slnTCC.Application\slnTCC.Application.csproj", "{62466FD4-1990-4B30-8399-81AA021B2184}"
EndProject
Global
	GlobalSection(SolutionConfigurationPlatforms) = preSolution
		Debug|Any CPU = Debug|Any CPU
		Release|Any CPU = Release|Any CPU
	EndGlobalSection
	GlobalSection(ProjectConfigurationPlatforms) = postSolution
		{BF50DCA6-D8AC-4167-86F7-0B82ECB337D9}.Debug|Any CPU.ActiveCfg = Debug|Any CPU
		{BF50DCA6-D8AC-4167-86F7-0B82ECB337D9}.Debug|Any CPU.Build.0 = Debug|Any CPU
		{BF50DCA6-D8AC-4167-86F7-0B82ECB337D9}.Release|Any CPU.ActiveCfg = Release|Any CPU
		{BF50DCA6-D8AC-4167-86F7-0B82ECB337D9}.Release|Any CPU.Build.0 = Release|Any CPU
		{13159A1D-66E3-4CC5-99C2-EA16B2D90739}.Debug|Any CPU.ActiveCfg = Debug|Any CPU
		{13159A1D-66E3-4CC5-99C2-EA16B2D90739}.Debug|Any CPU.Build.0 = Debug|Any CPU
		{13159A1D-66E3-4CC5-99C2-EA16B2D90739}.Release|Any CPU.ActiveCfg = Release|Any CPU
		{13159A1D-66E3-4CC5-99C2-EA16B2D90739}.Release|Any CPU.Build.0 = Release|Any CPU
		{9E1F8FC5-5457-4A5C-A3D8-58F7A6502CAB}.Debug|Any CPU.ActiveCfg = Debug|Any CPU
		{9E1F8FC5-5457-4A5C-A3D8-58F7A6502CAB}.Debug|Any CPU.Build.0 = Debug|Any CPU
		{9E1F8FC5-5457-4A5C-A3D8-58F7A6502CAB}.Release|Any CPU.ActiveCfg = Release|Any CPU
		{9E1F8FC5-5457-4A5C-A3D8-58F7A6502CAB}.Release|Any CPU.Build.0 = Release|Any CPU
		{62466FD4-1990-4B30-8399-81AA021B2184}.Debug|Any CPU.ActiveCfg = Debug|Any CPU
		{62466FD4-1990-4B30-8399-81AA021B2184}.Debug|Any CPU.Build.0 = Debug|Any CPU
		{62466FD4-1990-4B30-8399-81AA021B2184}.Release|Any CPU.ActiveCfg = Release|Any CPU
		{62466FD4-1990-4B30-8399-81AA021B2184}.Release|Any CPU.Build.0 = Release|Any CPU
	EndGlobalSection
	GlobalSection(SolutionProperties) = preSolution
		HideSolutionNode = FALSE
	EndGlobalSection
	GlobalSection(NestedProjects) = preSolution
		{050B7054-362C-48AA-9F00-6D1A8C727AF6} = {A40AF2B1-AF0A-491B-8CE6-93B7B7962382}
		{16922673-2EA0-46AC-9BD8-81920176B59A} = {A40AF2B1-AF0A-491B-8CE6-93B7B7962382}
		{BF50DCA6-D8AC-4167-86F7-0B82ECB337D9} = {81BB44E3-0880-4125-BB18-6F1DC35BA72B}
		{13159A1D-66E3-4CC5-99C2-EA16B2D90739} = {AC2E3814-0025-4F33-9604-EC85DC192489}
		{9E1F8FC5-5457-4A5C-A3D8-58F7A6502CAB} = {050B7054-362C-48AA-9F00-6D1A8C727AF6}
		{62466FD4-1990-4B30-8399-81AA021B2184} = {05A67EC9-B6A1-44F5-BB5E-242E55BE90D4}
	EndGlobalSection
EndGlobal
